// !$*UTF8*$!
{
	archiveVersion = 1;
	classes = {
	};
	objectVersion = 46;
	objects = {

/* Begin PBXFileReference section */
		1B0997C41C77E84D000EE22A /* VelocimetroDigital.playground */ = {isa = PBXFileReference; lastKnownFileType = file.playground; path = VelocimetroDigital.playground; sourceTree = "<group>"; };
/* End PBXFileReference section */

/* Begin PBXGroup section */
		1BAA2D661C769E1B00D45838 = {
			isa = PBXGroup;
			children = (
				1B0997C41C77E84D000EE22A /* VelocimetroDigital.playground */,
			);
			sourceTree = "<group>";
		};
/* End PBXGroup section */

/* Begin PBXProject section */
		1BAA2D671C769E1B00D45838 /* Project object */ = {
			isa = PBXProject;
			attributes = {
				LastUpgradeCheck = 0720;
			};
			buildConfigurationList = 1BAA2D6A1C769E1B00D45838 /* Build configuration list for PBXProject "Reto2" */;
			compatibilityVersion = "Xcode 3.2";
			developmentRegion = English;
			hasScannedForEncodings = 0;
			knownRegions = (
				en,
			);
			mainGroup = 1BAA2D661C769E1B00D45838;
			projectDirPath = "";
			projectRoot = "";
			targets = (
			);
		};
/* End PBXProject section */

/* Begin XCBuildConfiguration section */
		1BAA2D6B1C769E1B00D45838 /* Debug */ = {
			isa = XCBuildConfiguration;
			buildSettings = {
			};
			name = Debug;
		};
		1BAA2D6C1C769E1B00D45838 /* Release */ = {
			isa = XCBuildConfiguration;
			buildSettings = {
			};
			name = Release;
		};
/* End XCBuildConfiguration section */

/* Begin XCConfigurationList section */
		1BAA2D6A1C769E1B00D45838 /* Build configuration list for PBXProject "Reto2" */ = {
			isa = XCConfigurationList;
			buildConfigurations = (
				1BAA2D6B1C769E1B00D45838 /* Debug */,
				1BAA2D6C1C769E1B00D45838 /* Release */,
			);
			defaultConfigurationIsVisible = 0;
			defaultConfigurationName = Release;
		};
/* End XCConfigurationList section */
	};
	rootObject = 1BAA2D671C769E1B00D45838 /* Project object */;
}
